// !$*UTF8*$!
{
	archiveVersion = 1;
	classes = {
	};
	objectVersion = 46;
	objects = {

/* Begin PBXBuildFile section */
		1FFF7EDCC267243F927FBA15 /* Pods_MediaAudit.framework in Frameworks */ = {isa = PBXBuildFile; fileRef = 65F692808FC795EAFBB38492 /* Pods_MediaAudit.framework */; };
		7963C1511D7E443500906AC7 /* AppDelegate.swift in Sources */ = {isa = PBXBuildFile; fileRef = 7963C1501D7E443500906AC7 /* AppDelegate.swift */; };
		7963C1531D7E443500906AC7 /* ViewController.swift in Sources */ = {isa = PBXBuildFile; fileRef = 7963C1521D7E443500906AC7 /* ViewController.swift */; };
		7963C1551D7E443500906AC7 /* Assets.xcassets in Resources */ = {isa = PBXBuildFile; fileRef = 7963C1541D7E443500906AC7 /* Assets.xcassets */; };
		7963C1581D7E443500906AC7 /* Main.storyboard in Resources */ = {isa = PBXBuildFile; fileRef = 7963C1561D7E443500906AC7 /* Main.storyboard */; };
		79CB5F0E1D88EA5D0022AE10 /* NSDate+Extensions.swift in Sources */ = {isa = PBXBuildFile; fileRef = 79CB5F0D1D88EA5D0022AE10 /* NSDate+Extensions.swift */; };
/* End PBXBuildFile section */

/* Begin PBXFileReference section */
		29288F053D82F6F9FAEA14EE /* Pods-MediaAudit.debug.xcconfig */ = {isa = PBXFileReference; includeInIndex = 1; lastKnownFileType = text.xcconfig; name = "Pods-MediaAudit.debug.xcconfig"; path = "Pods/Target Support Files/Pods-MediaAudit/Pods-MediaAudit.debug.xcconfig"; sourceTree = "<group>"; };
		65F692808FC795EAFBB38492 /* Pods_MediaAudit.framework */ = {isa = PBXFileReference; explicitFileType = wrapper.framework; includeInIndex = 0; path = Pods_MediaAudit.framework; sourceTree = BUILT_PRODUCTS_DIR; };
		7963C14D1D7E443500906AC7 /* MediaAudit.app */ = {isa = PBXFileReference; explicitFileType = wrapper.application; includeInIndex = 0; path = MediaAudit.app; sourceTree = BUILT_PRODUCTS_DIR; };
		7963C1501D7E443500906AC7 /* AppDelegate.swift */ = {isa = PBXFileReference; lastKnownFileType = sourcecode.swift; path = AppDelegate.swift; sourceTree = "<group>"; };
		7963C1521D7E443500906AC7 /* ViewController.swift */ = {isa = PBXFileReference; lastKnownFileType = sourcecode.swift; path = ViewController.swift; sourceTree = "<group>"; };
		7963C1541D7E443500906AC7 /* Assets.xcassets */ = {isa = PBXFileReference; lastKnownFileType = folder.assetcatalog; path = Assets.xcassets; sourceTree = "<group>"; };
		7963C1571D7E443500906AC7 /* Base */ = {isa = PBXFileReference; lastKnownFileType = file.storyboard; name = Base; path = Base.lproj/Main.storyboard; sourceTree = "<group>"; };
		7963C1591D7E443500906AC7 /* Info.plist */ = {isa = PBXFileReference; lastKnownFileType = text.plist.xml; path = Info.plist; sourceTree = "<group>"; };
		79CB5F0D1D88EA5D0022AE10 /* NSDate+Extensions.swift */ = {isa = PBXFileReference; fileEncoding = 4; lastKnownFileType = sourcecode.swift; name = "NSDate+Extensions.swift"; path = "Extensions/NSDate+Extensions.swift"; sourceTree = "<group>"; };
		86F0F4C9F6320D2D23973FE3 /* Pods-MediaAudit.release.xcconfig */ = {isa = PBXFileReference; includeInIndex = 1; lastKnownFileType = text.xcconfig; name = "Pods-MediaAudit.release.xcconfig"; path = "Pods/Target Support Files/Pods-MediaAudit/Pods-MediaAudit.release.xcconfig"; sourceTree = "<group>"; };
/* End PBXFileReference section */

/* Begin PBXFrameworksBuildPhase section */
		7963C14A1D7E443500906AC7 /* Frameworks */ = {
			isa = PBXFrameworksBuildPhase;
			buildActionMask = 2147483647;
			files = (
				1FFF7EDCC267243F927FBA15 /* Pods_MediaAudit.framework in Frameworks */,
			);
			runOnlyForDeploymentPostprocessing = 0;
		};
/* End PBXFrameworksBuildPhase section */

/* Begin PBXGroup section */
		6C4D119BF5C305BDD0C128D0 /* Pods */ = {
			isa = PBXGroup;
			children = (
				29288F053D82F6F9FAEA14EE /* Pods-MediaAudit.debug.xcconfig */,
				86F0F4C9F6320D2D23973FE3 /* Pods-MediaAudit.release.xcconfig */,
			);
			name = Pods;
			sourceTree = "<group>";
		};
		7963C1441D7E443500906AC7 = {
			isa = PBXGroup;
			children = (
				7963C14F1D7E443500906AC7 /* MediaAudit */,
				7963C14E1D7E443500906AC7 /* Products */,
				6C4D119BF5C305BDD0C128D0 /* Pods */,
				CA4020014E77506F4B1FC06B /* Frameworks */,
			);
			sourceTree = "<group>";
		};
		7963C14E1D7E443500906AC7 /* Products */ = {
			isa = PBXGroup;
			children = (
				7963C14D1D7E443500906AC7 /* MediaAudit.app */,
			);
			name = Products;
			sourceTree = "<group>";
		};
		7963C14F1D7E443500906AC7 /* MediaAudit */ = {
			isa = PBXGroup;
			children = (
				79CB5F0C1D88EA3E0022AE10 /* Extension */,
				7963C1501D7E443500906AC7 /* AppDelegate.swift */,
				7963C1521D7E443500906AC7 /* ViewController.swift */,
				7963C1541D7E443500906AC7 /* Assets.xcassets */,
				7963C1561D7E443500906AC7 /* Main.storyboard */,
				7963C1591D7E443500906AC7 /* Info.plist */,
			);
			path = MediaAudit;
			sourceTree = "<group>";
		};
		79CB5F0C1D88EA3E0022AE10 /* Extension */ = {
			isa = PBXGroup;
			children = (
				79CB5F0D1D88EA5D0022AE10 /* NSDate+Extensions.swift */,
			);
			name = Extension;
			sourceTree = "<group>";
		};
		CA4020014E77506F4B1FC06B /* Frameworks */ = {
			isa = PBXGroup;
			children = (
				65F692808FC795EAFBB38492 /* Pods_MediaAudit.framework */,
			);
			name = Frameworks;
			sourceTree = "<group>";
		};
/* End PBXGroup section */

/* Begin PBXNativeTarget section */
		7963C14C1D7E443500906AC7 /* MediaAudit */ = {
			isa = PBXNativeTarget;
			buildConfigurationList = 7963C15C1D7E443500906AC7 /* Build configuration list for PBXNativeTarget "MediaAudit" */;
			buildPhases = (
				F94D1A4A0F528A4A5BB694BC /* [CP] Check Pods Manifest.lock */,
				7963C1491D7E443500906AC7 /* Sources */,
				7963C14A1D7E443500906AC7 /* Frameworks */,
				7963C14B1D7E443500906AC7 /* Resources */,
				AAB0A88613F262B66D3A29B4 /* [CP] Embed Pods Frameworks */,
				A77AD56BE23B85606A153B20 /* [CP] Copy Pods Resources */,
			);
			buildRules = (
			);
			dependencies = (
			);
			name = MediaAudit;
			productName = MediaAudit;
			productReference = 7963C14D1D7E443500906AC7 /* MediaAudit.app */;
			productType = "com.apple.product-type.application";
		};
/* End PBXNativeTarget section */

/* Begin PBXProject section */
		7963C1451D7E443500906AC7 /* Project object */ = {
			isa = PBXProject;
			attributes = {
				LastSwiftUpdateCheck = 0730;
				LastUpgradeCheck = 0730;
				ORGANIZATIONNAME = "Jim Long";
				TargetAttributes = {
					7963C14C1D7E443500906AC7 = {
						CreatedOnToolsVersion = 7.3.1;
						LastSwiftMigration = 0800;
					};
				};
			};
			buildConfigurationList = 7963C1481D7E443500906AC7 /* Build configuration list for PBXProject "MediaAudit" */;
			compatibilityVersion = "Xcode 3.2";
			developmentRegion = English;
			hasScannedForEncodings = 0;
			knownRegions = (
				en,
				Base,
			);
			mainGroup = 7963C1441D7E443500906AC7;
			productRefGroup = 7963C14E1D7E443500906AC7 /* Products */;
			projectDirPath = "";
			projectRoot = "";
			targets = (
				7963C14C1D7E443500906AC7 /* MediaAudit */,
			);
		};
/* End PBXProject section */

/* Begin PBXResourcesBuildPhase section */
		7963C14B1D7E443500906AC7 /* Resources */ = {
			isa = PBXResourcesBuildPhase;
			buildActionMask = 2147483647;
			files = (
				7963C1551D7E443500906AC7 /* Assets.xcassets in Resources */,
				7963C1581D7E443500906AC7 /* Main.storyboard in Resources */,
			);
			runOnlyForDeploymentPostprocessing = 0;
		};
/* End PBXResourcesBuildPhase section */

/* Begin PBXShellScriptBuildPhase section */
		A77AD56BE23B85606A153B20 /* [CP] Copy Pods Resources */ = {
			isa = PBXShellScriptBuildPhase;
			buildActionMask = 2147483647;
			files = (
			);
			inputPaths = (
			);
			name = "[CP] Copy Pods Resources";
			outputPaths = (
			);
			runOnlyForDeploymentPostprocessing = 0;
			shellPath = /bin/sh;
			shellScript = "\"${SRCROOT}/Pods/Target Support Files/Pods-MediaAudit/Pods-MediaAudit-resources.sh\"\n";
			showEnvVarsInLog = 0;
		};
		AAB0A88613F262B66D3A29B4 /* [CP] Embed Pods Frameworks */ = {
			isa = PBXShellScriptBuildPhase;
			buildActionMask = 2147483647;
			files = (
			);
			inputPaths = (
			);
			name = "[CP] Embed Pods Frameworks";
			outputPaths = (
			);
			runOnlyForDeploymentPostprocessing = 0;
			shellPath = /bin/sh;
			shellScript = "\"${SRCROOT}/Pods/Target Support Files/Pods-MediaAudit/Pods-MediaAudit-frameworks.sh\"\n";
			showEnvVarsInLog = 0;
		};
		F94D1A4A0F528A4A5BB694BC /* [CP] Check Pods Manifest.lock */ = {
			isa = PBXShellScriptBuildPhase;
			buildActionMask = 2147483647;
			files = (
			);
			inputPaths = (
			);
			name = "[CP] Check Pods Manifest.lock";
			outputPaths = (
			);
			runOnlyForDeploymentPostprocessing = 0;
			shellPath = /bin/sh;
			shellScript = "diff \"${PODS_ROOT}/../Podfile.lock\" \"${PODS_ROOT}/Manifest.lock\" > /dev/null\nif [ $? != 0 ] ; then\n    # print error to STDERR\n    echo \"error: The sandbox is not in sync with the Podfile.lock. Run 'pod install' or update your CocoaPods installation.\" >&2\n    exit 1\nfi\n";
			showEnvVarsInLog = 0;
		};
/* End PBXShellScriptBuildPhase section */

/* Begin PBXSourcesBuildPhase section */
		7963C1491D7E443500906AC7 /* Sources */ = {
			isa = PBXSourcesBuildPhase;
			buildActionMask = 2147483647;
			files = (
				79CB5F0E1D88EA5D0022AE10 /* NSDate+Extensions.swift in Sources */,
				7963C1531D7E443500906AC7 /* ViewController.swift in Sources */,
				7963C1511D7E443500906AC7 /* AppDelegate.swift in Sources */,
			);
			runOnlyForDeploymentPostprocessing = 0;
		};
/* End PBXSourcesBuildPhase section */

/* Begin PBXVariantGroup section */
		7963C1561D7E443500906AC7 /* Main.storyboard */ = {
			isa = PBXVariantGroup;
			children = (
				7963C1571D7E443500906AC7 /* Base */,
			);
			name = Main.storyboard;
			sourceTree = "<group>";
		};
/* End PBXVariantGroup section */

/* Begin XCBuildConfiguration section */
		7963C15A1D7E443500906AC7 /* Debug */ = {
			isa = XCBuildConfiguration;
			buildSettings = {
				ALWAYS_SEARCH_USER_PATHS = NO;
				CLANG_ANALYZER_NONNULL = YES;
				CLANG_CXX_LANGUAGE_STANDARD = "gnu++0x";
				CLANG_CXX_LIBRARY = "libc++";
				CLANG_ENABLE_MODULES = YES;
				CLANG_ENABLE_OBJC_ARC = YES;
				CLANG_WARN_BOOL_CONVERSION = YES;
				CLANG_WARN_CONSTANT_CONVERSION = YES;
				CLANG_WARN_DIRECT_OBJC_ISA_USAGE = YES_ERROR;
				CLANG_WARN_EMPTY_BODY = YES;
				CLANG_WARN_ENUM_CONVERSION = YES;
				CLANG_WARN_INT_CONVERSION = YES;
				CLANG_WARN_OBJC_ROOT_CLASS = YES_ERROR;
				CLANG_WARN_UNREACHABLE_CODE = YES;
				CLANG_WARN__DUPLICATE_METHOD_MATCH = YES;
				CODE_SIGN_IDENTITY = "-";
				COPY_PHASE_STRIP = NO;
				DEBUG_INFORMATION_FORMAT = dwarf;
				ENABLE_STRICT_OBJC_MSGSEND = YES;
				ENABLE_TESTABILITY = YES;
				GCC_C_LANGUAGE_STANDARD = gnu99;
				GCC_DYNAMIC_NO_PIC = NO;
				GCC_NO_COMMON_BLOCKS = YES;
				GCC_OPTIMIZATION_LEVEL = 0;
				GCC_PREPROCESSOR_DEFINITIONS = (
					"DEBUG=1",
					"$(inherited)",
				);
				GCC_WARN_64_TO_32_BIT_CONVERSION = YES;
				GCC_WARN_ABOUT_RETURN_TYPE = YES_ERROR;
				GCC_WARN_UNDECLARED_SELECTOR = YES;
				GCC_WARN_UNINITIALIZED_AUTOS = YES_AGGRESSIVE;
				GCC_WARN_UNUSED_FUNCTION = YES;
				GCC_WARN_UNUSED_VARIABLE = YES;
				MACOSX_DEPLOYMENT_TARGET = 10.11;
				MTL_ENABLE_DEBUG_INFO = YES;
				ONLY_ACTIVE_ARCH = YES;
				SDKROOT = macosx;
				SWIFT_OPTIMIZATION_LEVEL = "-Onone";
			};
			name = Debug;
		};
		7963C15B1D7E443500906AC7 /* Release */ = {
			isa = XCBuildConfiguration;
			buildSettings = {
				ALWAYS_SEARCH_USER_PATHS = NO;
				CLANG_ANALYZER_NONNULL = YES;
				CLANG_CXX_LANGUAGE_STANDARD = "gnu++0x";
				CLANG_CXX_LIBRARY = "libc++";
				CLANG_ENABLE_MODULES = YES;
				CLANG_ENABLE_OBJC_ARC = YES;
				CLANG_WARN_BOOL_CONVERSION = YES;
				CLANG_WARN_CONSTANT_CONVERSION = YES;
				CLANG_WARN_DIRECT_OBJC_ISA_USAGE = YES_ERROR;
				CLANG_WARN_EMPTY_BODY = YES;
				CLANG_WARN_ENUM_CONVERSION = YES;
				CLANG_WARN_INT_CONVERSION = YES;
				CLANG_WARN_OBJC_ROOT_CLASS = YES_ERROR;
				CLANG_WARN_UNREACHABLE_CODE = YES;
				CLANG_WARN__DUPLICATE_METHOD_MATCH = YES;
				CODE_SIGN_IDENTITY = "-";
				COPY_PHASE_STRIP = NO;
				DEBUG_INFORMATION_FORMAT = "dwarf-with-dsym";
				ENABLE_NS_ASSERTIONS = NO;
				ENABLE_STRICT_OBJC_MSGSEND = YES;
				GCC_C_LANGUAGE_STANDARD = gnu99;
				GCC_NO_COMMON_BLOCKS = YES;
				GCC_WARN_64_TO_32_BIT_CONVERSION = YES;
				GCC_WARN_ABOUT_RETURN_TYPE = YES_ERROR;
				GCC_WARN_UNDECLARED_SELECTOR = YES;
				GCC_WARN_UNINITIALIZED_AUTOS = YES_AGGRESSIVE;
				GCC_WARN_UNUSED_FUNCTION = YES;
				GCC_WARN_UNUSED_VARIABLE = YES;
				MACOSX_DEPLOYMENT_TARGET = 10.11;
				MTL_ENABLE_DEBUG_INFO = NO;
				SDKROOT = macosx;
			};
			name = Release;
		};
		7963C15D1D7E443500906AC7 /* Debug */ = {
			isa = XCBuildConfiguration;
			baseConfigurationReference = 29288F053D82F6F9FAEA14EE /* Pods-MediaAudit.debug.xcconfig */;
			buildSettings = {
				ASSETCATALOG_COMPILER_APPICON_NAME = AppIcon;
				COMBINE_HIDPI_IMAGES = YES;
				INFOPLIST_FILE = MediaAudit/Info.plist;
				LD_RUNPATH_SEARCH_PATHS = "$(inherited) @executable_path/../Frameworks";
				PRODUCT_BUNDLE_IDENTIFIER = com.jalong4.MediaAudit;
				PRODUCT_NAME = "$(TARGET_NAME)";
				SWIFT_VERSION = 2.3;
			};
			name = Debug;
		};
		7963C15E1D7E443500906AC7 /* Release */ = {
			isa = XCBuildConfiguration;
			baseConfigurationReference = 86F0F4C9F6320D2D23973FE3 /* Pods-MediaAudit.release.xcconfig */;
			buildSettings = {
				ASSETCATALOG_COMPILER_APPICON_NAME = AppIcon;
				COMBINE_HIDPI_IMAGES = YES;
				INFOPLIST_FILE = MediaAudit/Info.plist;
				LD_RUNPATH_SEARCH_PATHS = "$(inherited) @executable_path/../Frameworks";
				PRODUCT_BUNDLE_IDENTIFIER = com.jalong4.MediaAudit;
				PRODUCT_NAME = "$(TARGET_NAME)";
				SWIFT_VERSION = 2.3;
			};
			name = Release;
		};
/* End XCBuildConfiguration section */

/* Begin XCConfigurationList section */
		7963C1481D7E443500906AC7 /* Build configuration list for PBXProject "MediaAudit" */ = {
			isa = XCConfigurationList;
			buildConfigurations = (
				7963C15A1D7E443500906AC7 /* Debug */,
				7963C15B1D7E443500906AC7 /* Release */,
			);
			defaultConfigurationIsVisible = 0;
			defaultConfigurationName = Release;
		};
		7963C15C1D7E443500906AC7 /* Build configuration list for PBXNativeTarget "MediaAudit" */ = {
			isa = XCConfigurationList;
			buildConfigurations = (
				7963C15D1D7E443500906AC7 /* Debug */,
				7963C15E1D7E443500906AC7 /* Release */,
			);
			defaultConfigurationIsVisible = 0;
			defaultConfigurationName = Release;
		};
/* End XCConfigurationList section */
	};
	rootObject = 7963C1451D7E443500906AC7 /* Project object */;
}
